
Microsoft Visual Studio Solution File, Format Version 12.00
# Visual Studio Version 17
VisualStudioVersion = 17.12.35506.116
MinimumVisualStudioVersion = 10.0.40219.1
Project("{2150E333-8FDC-42A3-9474-1A3956D46DE8}") = "src", "src", "{A7AE9CFF-000F-49C3-9E6D-2B081998025F}"
EndProject
Project("{FAE04EC0-301F-11D3-BF4B-00C04F79EFBC}") = "Domain", "src\Domain\Domain.csproj", "{44FE7864-BA3C-41A3-801B-C8B98DE89EC8}"
EndProject
Project("{FAE04EC0-301F-11D3-BF4B-00C04F79EFBC}") = "Application", "src\Application\Application.csproj", "{55512C8B-2483-44B6-BE9E-0FF2AE68784F}"
EndProject
Project("{FAE04EC0-301F-11D3-BF4B-00C04F79EFBC}") = "Infrastructure", "src\Infrastructure\Infrastructure.csproj", "{9018D990-494D-4A26-B847-E0FD112EFFD7}"
EndProject
Project("{2150E333-8FDC-42A3-9474-1A3956D46DE8}") = "Lambdas", "Lambdas", "{325F2AD7-7833-43E5-B2CD-0AB2ACE9889F}"
EndProject
Project("{2150E333-8FDC-42A3-9474-1A3956D46DE8}") = "events", "events", "{C9B6F5EC-CAF2-4F86-9FE9-1A590148E46F}"
	ProjectSection(SolutionItems) = preProject
		src\Serverless\events\create-address.json = src\Serverless\events\create-address.json
	EndProjectSection
EndProject
Project("{2150E333-8FDC-42A3-9474-1A3956D46DE8}") = "Serverless", "Serverless", "{C6C13658-9A2C-4ED6-87E8-DBACB8062E77}"
	ProjectSection(SolutionItems) = preProject
		src\Serverless\template.yaml = src\Serverless\template.yaml
	EndProjectSection
EndProject
Project("{FAE04EC0-301F-11D3-BF4B-00C04F79EFBC}") = "Serverless", "src\Serverless\Serverless\Serverless.csproj", "{8564B603-A43F-4E7A-A1AF-E3DE7D3D4412}"
EndProject
Project("{FAE04EC0-301F-11D3-BF4B-00C04F79EFBC}") = "LMBPaymentCRUD", "src\Serverless\Lambdas\LMBPaymentCRUD\LMBPaymentCRUD.csproj", "{F1C16FBB-CB09-4B50-8BFE-FC976360D960}"
EndProject
Project("{FAE04EC0-301F-11D3-BF4B-00C04F79EFBC}") = "LMBAddressCRUD", "src\Serverless\Lambdas\LMBAddressCRUD\LMBAddressCRUD.csproj", "{F015469C-7FD9-4DA2-9206-9D5712C919B2}"
EndProject
Project("{FAE04EC0-301F-11D3-BF4B-00C04F79EFBC}") = "LMBCategoryCRUD", "src\Serverless\Lambdas\LMBCategoryCRUD\LMBCategoryCRUD.csproj", "{6B91C3A0-01BA-434D-9F3B-1521C599C579}"
EndProject
Project("{FAE04EC0-301F-11D3-BF4B-00C04F79EFBC}") = "LMBOrderCRUD", "src\Serverless\Lambdas\LMBOrderCRUD\LMBOrderCRUD.csproj", "{A06DB2C6-155F-4237-AD7D-E2B9C401AB70}"
EndProject
Project("{FAE04EC0-301F-11D3-BF4B-00C04F79EFBC}") = "LMBOrderItemCRUD", "src\Serverless\Lambdas\LMBOrderItemCRUD\LMBOrderItemCRUD.csproj", "{765A4B77-8F3B-4055-82EB-D4971DBECC17}"
EndProject
Project("{FAE04EC0-301F-11D3-BF4B-00C04F79EFBC}") = "LMBProductCRUD", "src\Serverless\Lambdas\LMBProductCRUD\LMBProductCRUD.csproj", "{EFD3F2B3-C8F4-4432-9DEC-56586A67BF3B}"
EndProject
Project("{FAE04EC0-301F-11D3-BF4B-00C04F79EFBC}") = "LMBUserCRUD", "src\Serverless\Lambdas\LMBUserCRUD\LMBUserCRUD.csproj", "{1701D2CA-C4EC-4E32-A2C7-BD1168DB3321}"
EndProject
Project("{FAE04EC0-301F-11D3-BF4B-00C04F79EFBC}") = "LMBUserAuthentication", "src\Serverless\Lambdas\LMBUserAuthentication\LMBUserAuthentication.csproj", "{06F8C8E2-EA9E-4453-A715-1304E344AAB0}"
EndProject
Global
	GlobalSection(SolutionConfigurationPlatforms) = preSolution
		Debug|Any CPU = Debug|Any CPU
		Release|Any CPU = Release|Any CPU
	EndGlobalSection
	GlobalSection(ProjectConfigurationPlatforms) = postSolution
		{44FE7864-BA3C-41A3-801B-C8B98DE89EC8}.Debug|Any CPU.ActiveCfg = Debug|Any CPU
		{44FE7864-BA3C-41A3-801B-C8B98DE89EC8}.Debug|Any CPU.Build.0 = Debug|Any CPU
		{44FE7864-BA3C-41A3-801B-C8B98DE89EC8}.Release|Any CPU.ActiveCfg = Release|Any CPU
		{44FE7864-BA3C-41A3-801B-C8B98DE89EC8}.Release|Any CPU.Build.0 = Release|Any CPU
		{55512C8B-2483-44B6-BE9E-0FF2AE68784F}.Debug|Any CPU.ActiveCfg = Debug|Any CPU
		{55512C8B-2483-44B6-BE9E-0FF2AE68784F}.Debug|Any CPU.Build.0 = Debug|Any CPU
		{55512C8B-2483-44B6-BE9E-0FF2AE68784F}.Release|Any CPU.ActiveCfg = Release|Any CPU
		{55512C8B-2483-44B6-BE9E-0FF2AE68784F}.Release|Any CPU.Build.0 = Release|Any CPU
		{9018D990-494D-4A26-B847-E0FD112EFFD7}.Debug|Any CPU.ActiveCfg = Debug|Any CPU
		{9018D990-494D-4A26-B847-E0FD112EFFD7}.Debug|Any CPU.Build.0 = Debug|Any CPU
		{9018D990-494D-4A26-B847-E0FD112EFFD7}.Release|Any CPU.ActiveCfg = Release|Any CPU
		{9018D990-494D-4A26-B847-E0FD112EFFD7}.Release|Any CPU.Build.0 = Release|Any CPU
		{8564B603-A43F-4E7A-A1AF-E3DE7D3D4412}.Debug|Any CPU.ActiveCfg = Debug|Any CPU
		{8564B603-A43F-4E7A-A1AF-E3DE7D3D4412}.Debug|Any CPU.Build.0 = Debug|Any CPU
		{8564B603-A43F-4E7A-A1AF-E3DE7D3D4412}.Release|Any CPU.ActiveCfg = Release|Any CPU
		{8564B603-A43F-4E7A-A1AF-E3DE7D3D4412}.Release|Any CPU.Build.0 = Release|Any CPU
		{F1C16FBB-CB09-4B50-8BFE-FC976360D960}.Debug|Any CPU.ActiveCfg = Debug|Any CPU
		{F1C16FBB-CB09-4B50-8BFE-FC976360D960}.Debug|Any CPU.Build.0 = Debug|Any CPU
		{F1C16FBB-CB09-4B50-8BFE-FC976360D960}.Release|Any CPU.ActiveCfg = Release|Any CPU
		{F1C16FBB-CB09-4B50-8BFE-FC976360D960}.Release|Any CPU.Build.0 = Release|Any CPU
		{F015469C-7FD9-4DA2-9206-9D5712C919B2}.Debug|Any CPU.ActiveCfg = Debug|Any CPU
		{F015469C-7FD9-4DA2-9206-9D5712C919B2}.Debug|Any CPU.Build.0 = Debug|Any CPU
		{F015469C-7FD9-4DA2-9206-9D5712C919B2}.Release|Any CPU.ActiveCfg = Release|Any CPU
		{F015469C-7FD9-4DA2-9206-9D5712C919B2}.Release|Any CPU.Build.0 = Release|Any CPU
		{6B91C3A0-01BA-434D-9F3B-1521C599C579}.Debug|Any CPU.ActiveCfg = Debug|Any CPU
		{6B91C3A0-01BA-434D-9F3B-1521C599C579}.Debug|Any CPU.Build.0 = Debug|Any CPU
		{6B91C3A0-01BA-434D-9F3B-1521C599C579}.Release|Any CPU.ActiveCfg = Release|Any CPU
		{6B91C3A0-01BA-434D-9F3B-1521C599C579}.Release|Any CPU.Build.0 = Release|Any CPU
		{A06DB2C6-155F-4237-AD7D-E2B9C401AB70}.Debug|Any CPU.ActiveCfg = Debug|Any CPU
		{A06DB2C6-155F-4237-AD7D-E2B9C401AB70}.Debug|Any CPU.Build.0 = Debug|Any CPU
		{A06DB2C6-155F-4237-AD7D-E2B9C401AB70}.Release|Any CPU.ActiveCfg = Release|Any CPU
		{A06DB2C6-155F-4237-AD7D-E2B9C401AB70}.Release|Any CPU.Build.0 = Release|Any CPU
		{765A4B77-8F3B-4055-82EB-D4971DBECC17}.Debug|Any CPU.ActiveCfg = Debug|Any CPU
		{765A4B77-8F3B-4055-82EB-D4971DBECC17}.Debug|Any CPU.Build.0 = Debug|Any CPU
		{765A4B77-8F3B-4055-82EB-D4971DBECC17}.Release|Any CPU.ActiveCfg = Release|Any CPU
		{765A4B77-8F3B-4055-82EB-D4971DBECC17}.Release|Any CPU.Build.0 = Release|Any CPU
		{EFD3F2B3-C8F4-4432-9DEC-56586A67BF3B}.Debug|Any CPU.ActiveCfg = Debug|Any CPU
		{EFD3F2B3-C8F4-4432-9DEC-56586A67BF3B}.Debug|Any CPU.Build.0 = Debug|Any CPU
		{EFD3F2B3-C8F4-4432-9DEC-56586A67BF3B}.Release|Any CPU.ActiveCfg = Release|Any CPU
		{EFD3F2B3-C8F4-4432-9DEC-56586A67BF3B}.Release|Any CPU.Build.0 = Release|Any CPU
		{1701D2CA-C4EC-4E32-A2C7-BD1168DB3321}.Debug|Any CPU.ActiveCfg = Debug|Any CPU
		{1701D2CA-C4EC-4E32-A2C7-BD1168DB3321}.Debug|Any CPU.Build.0 = Debug|Any CPU
		{1701D2CA-C4EC-4E32-A2C7-BD1168DB3321}.Release|Any CPU.ActiveCfg = Release|Any CPU
		{1701D2CA-C4EC-4E32-A2C7-BD1168DB3321}.Release|Any CPU.Build.0 = Release|Any CPU
		{06F8C8E2-EA9E-4453-A715-1304E344AAB0}.Debug|Any CPU.ActiveCfg = Debug|Any CPU
		{06F8C8E2-EA9E-4453-A715-1304E344AAB0}.Debug|Any CPU.Build.0 = Debug|Any CPU
		{06F8C8E2-EA9E-4453-A715-1304E344AAB0}.Release|Any CPU.ActiveCfg = Release|Any CPU
		{06F8C8E2-EA9E-4453-A715-1304E344AAB0}.Release|Any CPU.Build.0 = Release|Any CPU
	EndGlobalSection
	GlobalSection(SolutionProperties) = preSolution
		HideSolutionNode = FALSE
	EndGlobalSection
	GlobalSection(NestedProjects) = preSolution
		{44FE7864-BA3C-41A3-801B-C8B98DE89EC8} = {A7AE9CFF-000F-49C3-9E6D-2B081998025F}
		{55512C8B-2483-44B6-BE9E-0FF2AE68784F} = {A7AE9CFF-000F-49C3-9E6D-2B081998025F}
		{9018D990-494D-4A26-B847-E0FD112EFFD7} = {A7AE9CFF-000F-49C3-9E6D-2B081998025F}
		{325F2AD7-7833-43E5-B2CD-0AB2ACE9889F} = {C6C13658-9A2C-4ED6-87E8-DBACB8062E77}
		{C9B6F5EC-CAF2-4F86-9FE9-1A590148E46F} = {C6C13658-9A2C-4ED6-87E8-DBACB8062E77}
		{C6C13658-9A2C-4ED6-87E8-DBACB8062E77} = {A7AE9CFF-000F-49C3-9E6D-2B081998025F}
		{8564B603-A43F-4E7A-A1AF-E3DE7D3D4412} = {C6C13658-9A2C-4ED6-87E8-DBACB8062E77}
		{F1C16FBB-CB09-4B50-8BFE-FC976360D960} = {325F2AD7-7833-43E5-B2CD-0AB2ACE9889F}
		{F015469C-7FD9-4DA2-9206-9D5712C919B2} = {325F2AD7-7833-43E5-B2CD-0AB2ACE9889F}
		{6B91C3A0-01BA-434D-9F3B-1521C599C579} = {325F2AD7-7833-43E5-B2CD-0AB2ACE9889F}
		{A06DB2C6-155F-4237-AD7D-E2B9C401AB70} = {325F2AD7-7833-43E5-B2CD-0AB2ACE9889F}
		{765A4B77-8F3B-4055-82EB-D4971DBECC17} = {325F2AD7-7833-43E5-B2CD-0AB2ACE9889F}
		{EFD3F2B3-C8F4-4432-9DEC-56586A67BF3B} = {325F2AD7-7833-43E5-B2CD-0AB2ACE9889F}
		{1701D2CA-C4EC-4E32-A2C7-BD1168DB3321} = {325F2AD7-7833-43E5-B2CD-0AB2ACE9889F}
		{06F8C8E2-EA9E-4453-A715-1304E344AAB0} = {325F2AD7-7833-43E5-B2CD-0AB2ACE9889F}
	EndGlobalSection
EndGlobal
